{
  "dependencies": {
    "@learnersguild/idm-jwt-auth": {
      "version": "0.2.5"
    },
    "base64-url": {
      "version": "1.3.2"
    },
    "base64url": {
      "version": "1.0.6"
    },
    "buffer-equal-constant-time": {
      "version": "1.0.1"
    },
    "camelcase": {
      "version": "1.2.1"
    },
    "camelcase-keys": {
      "version": "1.0.0"
    },
    "concat-stream": {
      "version": "1.4.10"
    },
    "core-util-is": {
      "version": "1.0.2"
    },
    "ecdsa-sig-formatter": {
      "version": "1.0.7"
    },
    "encoding": {
      "version": "0.1.12"
    },
    "get-stdin": {
      "version": "4.0.1"
    },
    "iconv-lite": {
      "version": "0.4.13"
    },
    "indent-string": {
      "version": "1.2.2"
    },
    "inherits": {
      "version": "2.0.1"
    },
    "is-finite": {
      "version": "1.0.1"
    },
    "is-stream": {
      "version": "1.1.0"
    },
    "isarray": {
      "version": "0.0.1"
    },
    "isomorphic-fetch": {
      "version": "2.2.1"
    },
    "jsonwebtoken": {
      "version": "5.7.0"
    },
    "jwa": {
      "version": "1.1.3"
    },
    "jws": {
      "version": "3.1.3"
    },
    "map-obj": {
      "version": "1.0.1"
    },
    "meow": {
      "version": "2.0.0"
    },
    "minimist": {
      "version": "1.2.0"
    },
    "ms": {
      "version": "0.7.1"
    },
    "node-fetch": {
      "version": "1.5.3"
    },
    "number-is-nan": {
      "version": "1.0.0"
    },
    "object-assign": {
      "version": "1.0.0"
    },
    "readable-stream": {
      "version": "1.1.14"
    },
    "repeating": {
      "version": "1.1.3"
    },
    "string_decoder": {
      "version": "0.10.31"
    },
    "typedarray": {
      "version": "0.0.6"
    },
    "whatwg-fetch": {
      "version": "1.0.0"
    },
    "xtend": {
      "version": "4.0.1"
    }
  }
}
